
Microsoft Visual Studio Solution File, Format Version 12.00
# Visual Studio Version 17
VisualStudioVersion = 17.5.002.0
MinimumVisualStudioVersion = 10.0.40219.1
Project("{2150E333-8FDC-42A3-9474-1A3956D46DE8}") = "src", "src", "{D62502CF-C6C8-45A0-B4FD-BFC4C3F878C3}"
EndProject
Project("{9A19103F-16F7-4668-BE54-9A1E7A4F7556}") = "ASSEMBLY_NAME", "src\LAMBDA_NAME\ASSEMBLY_NAME.csproj", "{0413FE03-B2DD-4E03-A130-1383AFAD7554}"
EndProject
Global
	GlobalSection(SolutionConfigurationPlatforms) = preSolution
		Debug|Any CPU = Debug|Any CPU
		Release|Any CPU = Release|Any CPU
	EndGlobalSection
	GlobalSection(ProjectConfigurationPlatforms) = postSolution
		{0413FE03-B2DD-4E03-A130-1383AFAD7554}.Debug|Any CPU.ActiveCfg = Debug|Any CPU
		{0413FE03-B2DD-4E03-A130-1383AFAD7554}.Debug|Any CPU.Build.0 = Debug|Any CPU
		{0413FE03-B2DD-4E03-A130-1383AFAD7554}.Release|Any CPU.ActiveCfg = Release|Any CPU
		{0413FE03-B2DD-4E03-A130-1383AFAD7554}.Release|Any CPU.Build.0 = Release|Any CPU
	EndGlobalSection
	GlobalSection(SolutionProperties) = preSolution
		HideSolutionNode = FALSE
	EndGlobalSection
	GlobalSection(NestedProjects) = preSolution
		{0413FE03-B2DD-4E03-A130-1383AFAD7554} = {D62502CF-C6C8-45A0-B4FD-BFC4C3F878C3}
	EndGlobalSection
	GlobalSection(ExtensibilityGlobals) = postSolution
		SolutionGuid = {9BB597CB-11DF-492E-B5F2-DF70F0B45FE6}
	EndGlobalSection
EndGlobal
